
Microsoft Visual Studio Solution File, Format Version 12.00
# Visual Studio Version 16
VisualStudioVersion = 16.0.29519.181
MinimumVisualStudioVersion = 10.0.40219.1
Project("{9A19103F-16F7-4668-BE54-9A1E7A4F7556}") = "Nest.BaseCore.Common", "Nest.BaseCore.Common\Nest.BaseCore.Common.csproj", "{1B70CADB-FD9E-4B32-A141-30829281B5EE}"
EndProject
Project("{9A19103F-16F7-4668-BE54-9A1E7A4F7556}") = "Nest.BaseCore.Cache", "Nest.BaseCore.Cache\Nest.BaseCore.Cache.csproj", "{1F30A6DA-80F2-4710-ABE5-2EAF1BC18320}"
EndProject
Project("{9A19103F-16F7-4668-BE54-9A1E7A4F7556}") = "Nest.BaseCore.Log", "Nest.BaseCore.Log\Nest.BaseCore.Log.csproj", "{5E413AD6-5F01-47C5-A48B-1FE222166C61}"
EndProject
Project("{9A19103F-16F7-4668-BE54-9A1E7A4F7556}") = "Nest.BaseCore.Aop", "Nest.BaseCore.Aop\Nest.BaseCore.Aop.csproj", "{79F5EE6C-0ADE-4380-AC10-290E8B8CDE61}"
EndProject
Project("{9A19103F-16F7-4668-BE54-9A1E7A4F7556}") = "Nest.BaseCore.Domain", "Nest.BaseCore.Domain\Nest.BaseCore.Domain.csproj", "{8D1E0563-E31E-4D10-9BF2-C6834700B77C}"
EndProject
Project("{9A19103F-16F7-4668-BE54-9A1E7A4F7556}") = "Nest.BaseCore.Service", "Nest.BaseCore.Service\Nest.BaseCore.Service.csproj", "{0856794C-ABB9-4B1C-BDB8-D9EED43B8669}"
EndProject
Project("{9A19103F-16F7-4668-BE54-9A1E7A4F7556}") = "UnitTestProject1", "UnitTestProject1\UnitTestProject1.csproj", "{D610DD26-A520-47A2-99BD-EAE63177B43B}"
EndProject
Project("{9A19103F-16F7-4668-BE54-9A1E7A4F7556}") = "Nest.BaseCoreApi", "Nest.BaseCoreApi\Nest.BaseCoreApi.csproj", "{CE8F7C4B-E180-4969-815F-2542ABFBC451}"
EndProject
Project("{9A19103F-16F7-4668-BE54-9A1E7A4F7556}") = "Nest.BaseCoreWeb", "Nest.BaseCoreWeb\Nest.BaseCoreWeb.csproj", "{FBE1DBC6-5E34-4218-981E-B3E3E27AABA7}"
EndProject
Project("{2150E333-8FDC-42A3-9474-1A3956D46DE8}") = "1.应用层", "1.应用层", "{81693D9C-DE0D-443E-873F-93CE2C01C5E6}"
EndProject
Project("{2150E333-8FDC-42A3-9474-1A3956D46DE8}") = "3.业务逻辑层", "3.业务逻辑层", "{3603C44C-1C2B-4A7B-9302-AD16F2E0A239}"
EndProject
Project("{2150E333-8FDC-42A3-9474-1A3956D46DE8}") = "2.领域层", "2.领域层", "{B4224ABF-BB20-4842-889A-1590BBB64C50}"
EndProject
Project("{2150E333-8FDC-42A3-9474-1A3956D46DE8}") = "5.基础架构", "5.基础架构", "{46F9815F-7A52-46EB-875A-A9F1EF8C25A9}"
EndProject
Project("{2150E333-8FDC-42A3-9474-1A3956D46DE8}") = "6.单元测试", "6.单元测试", "{5721CFC7-9801-4A26-9260-A44510816CDB}"
EndProject
Project("{2150E333-8FDC-42A3-9474-1A3956D46DE8}") = "4.仓储层", "4.仓储层", "{ECCFDDBF-C14E-47E9-997E-C8345921DD0F}"
EndProject
Project("{9A19103F-16F7-4668-BE54-9A1E7A4F7556}") = "Nest.BaseCore.Repository", "Nest.BaseCore.Repository\Nest.BaseCore.Repository.csproj", "{7857BBF8-B71D-4DB4-A30B-D38A9AA2A5A9}"
EndProject
Project("{9A19103F-16F7-4668-BE54-9A1E7A4F7556}") = "Nest.BaseCore.MessageQueue", "Nest.BaseCore.MessageQueue\Nest.BaseCore.MessageQueue.csproj", "{C9662E70-BEB5-4254-8F5F-EAFA8AF51759}"
EndProject
Project("{2150E333-8FDC-42A3-9474-1A3956D46DE8}") = "0.网关", "0.网关", "{37FD2806-7AC3-4B90-82A7-382FC9E457DC}"
EndProject
Project("{9A19103F-16F7-4668-BE54-9A1E7A4F7556}") = "Nest.BaseCore.Gateway", "Nest.BaseCore.Gateway\Nest.BaseCore.Gateway.csproj", "{830EA192-C8C0-440E-8490-8708BBD59E6F}"
EndProject
Project("{FAE04EC0-301F-11D3-BF4B-00C04F79EFBC}") = "Nest.BaseCore.Database", "Nest.BaseCore.Database\Nest.BaseCore.Database.csproj", "{F3E2EF55-B730-4A32-80A8-1743B1C3B262}"
EndProject
Global
	GlobalSection(SolutionConfigurationPlatforms) = preSolution
		Debug|Any CPU = Debug|Any CPU
		Release|Any CPU = Release|Any CPU
	EndGlobalSection
	GlobalSection(ProjectConfigurationPlatforms) = postSolution
		{1B70CADB-FD9E-4B32-A141-30829281B5EE}.Debug|Any CPU.ActiveCfg = Debug|Any CPU
		{1B70CADB-FD9E-4B32-A141-30829281B5EE}.Debug|Any CPU.Build.0 = Debug|Any CPU
		{1B70CADB-FD9E-4B32-A141-30829281B5EE}.Release|Any CPU.ActiveCfg = Release|Any CPU
		{1B70CADB-FD9E-4B32-A141-30829281B5EE}.Release|Any CPU.Build.0 = Release|Any CPU
		{1F30A6DA-80F2-4710-ABE5-2EAF1BC18320}.Debug|Any CPU.ActiveCfg = Debug|Any CPU
		{1F30A6DA-80F2-4710-ABE5-2EAF1BC18320}.Debug|Any CPU.Build.0 = Debug|Any CPU
		{1F30A6DA-80F2-4710-ABE5-2EAF1BC18320}.Release|Any CPU.ActiveCfg = Release|Any CPU
		{1F30A6DA-80F2-4710-ABE5-2EAF1BC18320}.Release|Any CPU.Build.0 = Release|Any CPU
		{5E413AD6-5F01-47C5-A48B-1FE222166C61}.Debug|Any CPU.ActiveCfg = Debug|Any CPU
		{5E413AD6-5F01-47C5-A48B-1FE222166C61}.Debug|Any CPU.Build.0 = Debug|Any CPU
		{5E413AD6-5F01-47C5-A48B-1FE222166C61}.Release|Any CPU.ActiveCfg = Release|Any CPU
		{5E413AD6-5F01-47C5-A48B-1FE222166C61}.Release|Any CPU.Build.0 = Release|Any CPU
		{79F5EE6C-0ADE-4380-AC10-290E8B8CDE61}.Debug|Any CPU.ActiveCfg = Debug|Any CPU
		{79F5EE6C-0ADE-4380-AC10-290E8B8CDE61}.Debug|Any CPU.Build.0 = Debug|Any CPU
		{79F5EE6C-0ADE-4380-AC10-290E8B8CDE61}.Release|Any CPU.ActiveCfg = Release|Any CPU
		{79F5EE6C-0ADE-4380-AC10-290E8B8CDE61}.Release|Any CPU.Build.0 = Release|Any CPU
		{8D1E0563-E31E-4D10-9BF2-C6834700B77C}.Debug|Any CPU.ActiveCfg = Debug|Any CPU
		{8D1E0563-E31E-4D10-9BF2-C6834700B77C}.Debug|Any CPU.Build.0 = Debug|Any CPU
		{8D1E0563-E31E-4D10-9BF2-C6834700B77C}.Release|Any CPU.ActiveCfg = Release|Any CPU
		{8D1E0563-E31E-4D10-9BF2-C6834700B77C}.Release|Any CPU.Build.0 = Release|Any CPU
		{0856794C-ABB9-4B1C-BDB8-D9EED43B8669}.Debug|Any CPU.ActiveCfg = Debug|Any CPU
		{0856794C-ABB9-4B1C-BDB8-D9EED43B8669}.Debug|Any CPU.Build.0 = Debug|Any CPU
		{0856794C-ABB9-4B1C-BDB8-D9EED43B8669}.Release|Any CPU.ActiveCfg = Release|Any CPU
		{0856794C-ABB9-4B1C-BDB8-D9EED43B8669}.Release|Any CPU.Build.0 = Release|Any CPU
		{D610DD26-A520-47A2-99BD-EAE63177B43B}.Debug|Any CPU.ActiveCfg = Debug|Any CPU
		{D610DD26-A520-47A2-99BD-EAE63177B43B}.Debug|Any CPU.Build.0 = Debug|Any CPU
		{D610DD26-A520-47A2-99BD-EAE63177B43B}.Release|Any CPU.ActiveCfg = Release|Any CPU
		{D610DD26-A520-47A2-99BD-EAE63177B43B}.Release|Any CPU.Build.0 = Release|Any CPU
		{CE8F7C4B-E180-4969-815F-2542ABFBC451}.Debug|Any CPU.ActiveCfg = Debug|Any CPU
		{CE8F7C4B-E180-4969-815F-2542ABFBC451}.Debug|Any CPU.Build.0 = Debug|Any CPU
		{CE8F7C4B-E180-4969-815F-2542ABFBC451}.Release|Any CPU.ActiveCfg = Release|Any CPU
		{CE8F7C4B-E180-4969-815F-2542ABFBC451}.Release|Any CPU.Build.0 = Release|Any CPU
		{FBE1DBC6-5E34-4218-981E-B3E3E27AABA7}.Debug|Any CPU.ActiveCfg = Debug|Any CPU
		{FBE1DBC6-5E34-4218-981E-B3E3E27AABA7}.Debug|Any CPU.Build.0 = Debug|Any CPU
		{FBE1DBC6-5E34-4218-981E-B3E3E27AABA7}.Release|Any CPU.ActiveCfg = Release|Any CPU
		{FBE1DBC6-5E34-4218-981E-B3E3E27AABA7}.Release|Any CPU.Build.0 = Release|Any CPU
		{7857BBF8-B71D-4DB4-A30B-D38A9AA2A5A9}.Debug|Any CPU.ActiveCfg = Debug|Any CPU
		{7857BBF8-B71D-4DB4-A30B-D38A9AA2A5A9}.Debug|Any CPU.Build.0 = Debug|Any CPU
		{7857BBF8-B71D-4DB4-A30B-D38A9AA2A5A9}.Release|Any CPU.ActiveCfg = Release|Any CPU
		{7857BBF8-B71D-4DB4-A30B-D38A9AA2A5A9}.Release|Any CPU.Build.0 = Release|Any CPU
		{C9662E70-BEB5-4254-8F5F-EAFA8AF51759}.Debug|Any CPU.ActiveCfg = Debug|Any CPU
		{C9662E70-BEB5-4254-8F5F-EAFA8AF51759}.Debug|Any CPU.Build.0 = Debug|Any CPU
		{C9662E70-BEB5-4254-8F5F-EAFA8AF51759}.Release|Any CPU.ActiveCfg = Release|Any CPU
		{C9662E70-BEB5-4254-8F5F-EAFA8AF51759}.Release|Any CPU.Build.0 = Release|Any CPU
		{830EA192-C8C0-440E-8490-8708BBD59E6F}.Debug|Any CPU.ActiveCfg = Debug|Any CPU
		{830EA192-C8C0-440E-8490-8708BBD59E6F}.Debug|Any CPU.Build.0 = Debug|Any CPU
		{830EA192-C8C0-440E-8490-8708BBD59E6F}.Release|Any CPU.ActiveCfg = Release|Any CPU
		{830EA192-C8C0-440E-8490-8708BBD59E6F}.Release|Any CPU.Build.0 = Release|Any CPU
		{F3E2EF55-B730-4A32-80A8-1743B1C3B262}.Debug|Any CPU.ActiveCfg = Debug|Any CPU
		{F3E2EF55-B730-4A32-80A8-1743B1C3B262}.Debug|Any CPU.Build.0 = Debug|Any CPU
		{F3E2EF55-B730-4A32-80A8-1743B1C3B262}.Release|Any CPU.ActiveCfg = Release|Any CPU
		{F3E2EF55-B730-4A32-80A8-1743B1C3B262}.Release|Any CPU.Build.0 = Release|Any CPU
	EndGlobalSection
	GlobalSection(SolutionProperties) = preSolution
		HideSolutionNode = FALSE
	EndGlobalSection
	GlobalSection(NestedProjects) = preSolution
		{1B70CADB-FD9E-4B32-A141-30829281B5EE} = {46F9815F-7A52-46EB-875A-A9F1EF8C25A9}
		{1F30A6DA-80F2-4710-ABE5-2EAF1BC18320} = {46F9815F-7A52-46EB-875A-A9F1EF8C25A9}
		{5E413AD6-5F01-47C5-A48B-1FE222166C61} = {46F9815F-7A52-46EB-875A-A9F1EF8C25A9}
		{79F5EE6C-0ADE-4380-AC10-290E8B8CDE61} = {46F9815F-7A52-46EB-875A-A9F1EF8C25A9}
		{8D1E0563-E31E-4D10-9BF2-C6834700B77C} = {B4224ABF-BB20-4842-889A-1590BBB64C50}
		{0856794C-ABB9-4B1C-BDB8-D9EED43B8669} = {3603C44C-1C2B-4A7B-9302-AD16F2E0A239}
		{D610DD26-A520-47A2-99BD-EAE63177B43B} = {5721CFC7-9801-4A26-9260-A44510816CDB}
		{CE8F7C4B-E180-4969-815F-2542ABFBC451} = {81693D9C-DE0D-443E-873F-93CE2C01C5E6}
		{FBE1DBC6-5E34-4218-981E-B3E3E27AABA7} = {81693D9C-DE0D-443E-873F-93CE2C01C5E6}
		{7857BBF8-B71D-4DB4-A30B-D38A9AA2A5A9} = {ECCFDDBF-C14E-47E9-997E-C8345921DD0F}
		{C9662E70-BEB5-4254-8F5F-EAFA8AF51759} = {46F9815F-7A52-46EB-875A-A9F1EF8C25A9}
		{830EA192-C8C0-440E-8490-8708BBD59E6F} = {37FD2806-7AC3-4B90-82A7-382FC9E457DC}
		{F3E2EF55-B730-4A32-80A8-1743B1C3B262} = {46F9815F-7A52-46EB-875A-A9F1EF8C25A9}
	EndGlobalSection
	GlobalSection(ExtensibilityGlobals) = postSolution
		SolutionGuid = {0B3747AB-FBB7-4549-936E-6DFE03CC19C3}
	EndGlobalSection
EndGlobal
